
Microsoft Visual Studio Solution File, Format Version 12.00
# Visual Studio Version 17
VisualStudioVersion = 17.2.32526.322
MinimumVisualStudioVersion = 10.0.40219.1
Project("{FAE04EC0-301F-11D3-BF4B-00C04F79EFBC}") = "ConsoleApp1", "ConsoleApp1\ConsoleApp1.csproj", "{802486C9-2A82-42B7-8490-BF2E94C8A198}"
EndProject
Project("{FAE04EC0-301F-11D3-BF4B-00C04F79EFBC}") = "WebApplication1", "WebApplication1\WebApplication1.csproj", "{55E2F096-4CB2-4948-9739-90A5ED8EE13C}"
EndProject
Global
	GlobalSection(SolutionConfigurationPlatforms) = preSolution
		Debug|Any CPU = Debug|Any CPU
		Release|Any CPU = Release|Any CPU
	EndGlobalSection
	GlobalSection(ProjectConfigurationPlatforms) = postSolution
		{802486C9-2A82-42B7-8490-BF2E94C8A198}.Debug|Any CPU.ActiveCfg = Debug|Any CPU
		{802486C9-2A82-42B7-8490-BF2E94C8A198}.Debug|Any CPU.Build.0 = Debug|Any CPU
		{802486C9-2A82-42B7-8490-BF2E94C8A198}.Release|Any CPU.ActiveCfg = Release|Any CPU
		{802486C9-2A82-42B7-8490-BF2E94C8A198}.Release|Any CPU.Build.0 = Release|Any CPU
		{55E2F096-4CB2-4948-9739-90A5ED8EE13C}.Debug|Any CPU.ActiveCfg = Debug|Any CPU
		{55E2F096-4CB2-4948-9739-90A5ED8EE13C}.Debug|Any CPU.Build.0 = Debug|Any CPU
		{55E2F096-4CB2-4948-9739-90A5ED8EE13C}.Release|Any CPU.ActiveCfg = Release|Any CPU
		{55E2F096-4CB2-4948-9739-90A5ED8EE13C}.Release|Any CPU.Build.0 = Release|Any CPU
	EndGlobalSection
	GlobalSection(SolutionProperties) = preSolution
		HideSolutionNode = FALSE
	EndGlobalSection
	GlobalSection(ExtensibilityGlobals) = postSolution
		SolutionGuid = {5A0EFFE7-79FD-45B9-99BD-39BD63E149AF}
	EndGlobalSection
EndGlobal
