
Microsoft Visual Studio Solution File, Format Version 12.00
# Visual Studio Version 17
VisualStudioVersion = 17.2.32526.322
MinimumVisualStudioVersion = 10.0.40219.1
Project("{2150E333-8FDC-42A3-9474-1A3956D46DE8}") = "Services", "Services", "{32E2AE25-0C52-404F-BEA4-2362F3BE8DAF}"
EndProject
Project("{2150E333-8FDC-42A3-9474-1A3956D46DE8}") = "Catalog", "Catalog", "{C5B2B1C9-EDF6-4DF5-BAEC-C86922D210EE}"
EndProject
Project("{9A19103F-16F7-4668-BE54-9A1E7A4F7556}") = "Catalog.API", "Services\Catalog\Catalog.API\Catalog.API.csproj", "{AB5D6CBE-6E9E-49CD-A033-0B4F6D5CF3FB}"
EndProject
Project("{E53339B2-1760-4266-BCC7-CA923CBCF16C}") = "docker-compose", "docker-compose.dcproj", "{64496398-BF1D-4D18-8DD8-FF5F99249E25}"
EndProject
Project("{2150E333-8FDC-42A3-9474-1A3956D46DE8}") = "Basket", "Basket", "{A67294B0-84B8-4156-B6FC-F56DB63CCFE9}"
EndProject
Project("{FAE04EC0-301F-11D3-BF4B-00C04F79EFBC}") = "Basket.API", "Services\Basket\Basket.API\Basket.API.csproj", "{1A7E7A6B-F838-453F-A2BA-23AECD4C44AF}"
EndProject
Global
	GlobalSection(SolutionConfigurationPlatforms) = preSolution
		Debug|Any CPU = Debug|Any CPU
		Release|Any CPU = Release|Any CPU
	EndGlobalSection
	GlobalSection(ProjectConfigurationPlatforms) = postSolution
		{AB5D6CBE-6E9E-49CD-A033-0B4F6D5CF3FB}.Debug|Any CPU.ActiveCfg = Debug|Any CPU
		{AB5D6CBE-6E9E-49CD-A033-0B4F6D5CF3FB}.Debug|Any CPU.Build.0 = Debug|Any CPU
		{AB5D6CBE-6E9E-49CD-A033-0B4F6D5CF3FB}.Release|Any CPU.ActiveCfg = Release|Any CPU
		{AB5D6CBE-6E9E-49CD-A033-0B4F6D5CF3FB}.Release|Any CPU.Build.0 = Release|Any CPU
		{64496398-BF1D-4D18-8DD8-FF5F99249E25}.Debug|Any CPU.ActiveCfg = Debug|Any CPU
		{64496398-BF1D-4D18-8DD8-FF5F99249E25}.Debug|Any CPU.Build.0 = Debug|Any CPU
		{64496398-BF1D-4D18-8DD8-FF5F99249E25}.Release|Any CPU.ActiveCfg = Release|Any CPU
		{64496398-BF1D-4D18-8DD8-FF5F99249E25}.Release|Any CPU.Build.0 = Release|Any CPU
		{1A7E7A6B-F838-453F-A2BA-23AECD4C44AF}.Debug|Any CPU.ActiveCfg = Debug|Any CPU
		{1A7E7A6B-F838-453F-A2BA-23AECD4C44AF}.Debug|Any CPU.Build.0 = Debug|Any CPU
		{1A7E7A6B-F838-453F-A2BA-23AECD4C44AF}.Release|Any CPU.ActiveCfg = Release|Any CPU
		{1A7E7A6B-F838-453F-A2BA-23AECD4C44AF}.Release|Any CPU.Build.0 = Release|Any CPU
	EndGlobalSection
	GlobalSection(SolutionProperties) = preSolution
		HideSolutionNode = FALSE
	EndGlobalSection
	GlobalSection(NestedProjects) = preSolution
		{C5B2B1C9-EDF6-4DF5-BAEC-C86922D210EE} = {32E2AE25-0C52-404F-BEA4-2362F3BE8DAF}
		{AB5D6CBE-6E9E-49CD-A033-0B4F6D5CF3FB} = {C5B2B1C9-EDF6-4DF5-BAEC-C86922D210EE}
		{A67294B0-84B8-4156-B6FC-F56DB63CCFE9} = {32E2AE25-0C52-404F-BEA4-2362F3BE8DAF}
		{1A7E7A6B-F838-453F-A2BA-23AECD4C44AF} = {A67294B0-84B8-4156-B6FC-F56DB63CCFE9}
	EndGlobalSection
	GlobalSection(ExtensibilityGlobals) = postSolution
		SolutionGuid = {8D4C599A-342E-4646-9633-F3045F9BCC3A}
	EndGlobalSection
EndGlobal
