
Microsoft Visual Studio Solution File, Format Version 12.00
# Visual Studio Version 17
VisualStudioVersion = 17.2.32526.322
MinimumVisualStudioVersion = 10.0.40219.1
Project("{2150E333-8FDC-42A3-9474-1A3956D46DE8}") = "Services", "Services", "{32E2AE25-0C52-404F-BEA4-2362F3BE8DAF}"
EndProject
Project("{2150E333-8FDC-42A3-9474-1A3956D46DE8}") = "Catalog", "Catalog", "{C5B2B1C9-EDF6-4DF5-BAEC-C86922D210EE}"
EndProject
Project("{9A19103F-16F7-4668-BE54-9A1E7A4F7556}") = "Catalog.API", "Services\Catalog\Catalog.API\Catalog.API.csproj", "{AB5D6CBE-6E9E-49CD-A033-0B4F6D5CF3FB}"
EndProject
Project("{E53339B2-1760-4266-BCC7-CA923CBCF16C}") = "docker-compose", "docker-compose.dcproj", "{64496398-BF1D-4D18-8DD8-FF5F99249E25}"
EndProject
Project("{2150E333-8FDC-42A3-9474-1A3956D46DE8}") = "Basket", "Basket", "{A67294B0-84B8-4156-B6FC-F56DB63CCFE9}"
EndProject
Project("{9A19103F-16F7-4668-BE54-9A1E7A4F7556}") = "Basket.API", "Services\Basket\Basket.API\Basket.API.csproj", "{1A7E7A6B-F838-453F-A2BA-23AECD4C44AF}"
EndProject
Project("{2150E333-8FDC-42A3-9474-1A3956D46DE8}") = "Discount", "Discount", "{4622E3C7-BCC4-4C2D-818E-D9768C9922E1}"
EndProject
Project("{9A19103F-16F7-4668-BE54-9A1E7A4F7556}") = "Discount.API", "Services\Discount\Discount.API\Discount.API.csproj", "{2344FCC3-F3FF-422E-89BE-7222DC8C87A2}"
EndProject
Project("{9A19103F-16F7-4668-BE54-9A1E7A4F7556}") = "Discount.Grpc", "Services\Discount\Discount.Grpc\Discount.Grpc.csproj", "{05B11449-24EE-4721-A722-ED9809ABD488}"
EndProject
Project("{2150E333-8FDC-42A3-9474-1A3956D46DE8}") = "Ordering", "Ordering", "{C8464380-0E80-4762-9C9F-77A5A0D9133B}"
EndProject
Project("{9A19103F-16F7-4668-BE54-9A1E7A4F7556}") = "Ordering.API", "Services\Ordering\Ordering.API\Ordering.API.csproj", "{50438916-659D-47B0-9640-41A6576682F0}"
EndProject
Project("{9A19103F-16F7-4668-BE54-9A1E7A4F7556}") = "Ordering.Domain", "Services\Ordering\Ordering.Domain\Ordering.Domain.csproj", "{EC67BACB-9EE4-4121-8933-9E5C5679FA13}"
EndProject
Project("{9A19103F-16F7-4668-BE54-9A1E7A4F7556}") = "Ordering.Application", "Services\Ordering\Ordering.Application\Ordering.Application.csproj", "{54633B3E-F072-4853-8EDB-006E785A067C}"
EndProject
Project("{9A19103F-16F7-4668-BE54-9A1E7A4F7556}") = "Ordering.Infrastructure", "Services\Ordering\Ordering.Infrastructure\Ordering.Infrastructure.csproj", "{EAE89401-A677-4F5C-9285-5EED11C91271}"
EndProject
Project("{2150E333-8FDC-42A3-9474-1A3956D46DE8}") = "BuildingBlocks", "BuildingBlocks", "{47AF5894-C3E2-44DE-9DD9-670A5E35C60A}"
EndProject
Project("{9A19103F-16F7-4668-BE54-9A1E7A4F7556}") = "EventBus.Messages", "BuildingBlocks\EventBus.Messages\EventBus.Messages.csproj", "{AE9F683D-F1F5-4B79-9463-7EE24D06587B}"
EndProject
Project("{2150E333-8FDC-42A3-9474-1A3956D46DE8}") = "ApiGateways", "ApiGateways", "{4EFE0BAD-2C1B-4559-BEF2-C90D757DC908}"
EndProject
Project("{FAE04EC0-301F-11D3-BF4B-00C04F79EFBC}") = "OcelotApiGw", "ApiGateways\OcelotApiGw\OcelotApiGw.csproj", "{0BFBA568-8993-408C-86EC-3C628DE1021F}"
EndProject
Project("{FAE04EC0-301F-11D3-BF4B-00C04F79EFBC}") = "Shopping.Aggregator", "ApiGateways\Shopping.Aggregator\Shopping.Aggregator.csproj", "{469A0BD8-28E1-4C0D-B23C-76580BB3479C}"
EndProject
Project("{2150E333-8FDC-42A3-9474-1A3956D46DE8}") = "WepApps", "WepApps", "{2FFC532E-74C8-447F-9C6E-60A8BD83A8D1}"
EndProject
Project("{9A19103F-16F7-4668-BE54-9A1E7A4F7556}") = "AspnetRunBasics", "WebApps\AspnetRunBasics\AspnetRunBasics.csproj", "{4C434662-2B3E-4215-A3B0-D06627376145}"
EndProject
Global
	GlobalSection(SolutionConfigurationPlatforms) = preSolution
		Debug|Any CPU = Debug|Any CPU
		Release|Any CPU = Release|Any CPU
	EndGlobalSection
	GlobalSection(ProjectConfigurationPlatforms) = postSolution
		{AB5D6CBE-6E9E-49CD-A033-0B4F6D5CF3FB}.Debug|Any CPU.ActiveCfg = Debug|Any CPU
		{AB5D6CBE-6E9E-49CD-A033-0B4F6D5CF3FB}.Debug|Any CPU.Build.0 = Debug|Any CPU
		{AB5D6CBE-6E9E-49CD-A033-0B4F6D5CF3FB}.Release|Any CPU.ActiveCfg = Release|Any CPU
		{AB5D6CBE-6E9E-49CD-A033-0B4F6D5CF3FB}.Release|Any CPU.Build.0 = Release|Any CPU
		{64496398-BF1D-4D18-8DD8-FF5F99249E25}.Debug|Any CPU.ActiveCfg = Debug|Any CPU
		{64496398-BF1D-4D18-8DD8-FF5F99249E25}.Debug|Any CPU.Build.0 = Debug|Any CPU
		{64496398-BF1D-4D18-8DD8-FF5F99249E25}.Release|Any CPU.ActiveCfg = Release|Any CPU
		{64496398-BF1D-4D18-8DD8-FF5F99249E25}.Release|Any CPU.Build.0 = Release|Any CPU
		{1A7E7A6B-F838-453F-A2BA-23AECD4C44AF}.Debug|Any CPU.ActiveCfg = Debug|Any CPU
		{1A7E7A6B-F838-453F-A2BA-23AECD4C44AF}.Debug|Any CPU.Build.0 = Debug|Any CPU
		{1A7E7A6B-F838-453F-A2BA-23AECD4C44AF}.Release|Any CPU.ActiveCfg = Release|Any CPU
		{1A7E7A6B-F838-453F-A2BA-23AECD4C44AF}.Release|Any CPU.Build.0 = Release|Any CPU
		{2344FCC3-F3FF-422E-89BE-7222DC8C87A2}.Debug|Any CPU.ActiveCfg = Debug|Any CPU
		{2344FCC3-F3FF-422E-89BE-7222DC8C87A2}.Debug|Any CPU.Build.0 = Debug|Any CPU
		{2344FCC3-F3FF-422E-89BE-7222DC8C87A2}.Release|Any CPU.ActiveCfg = Release|Any CPU
		{2344FCC3-F3FF-422E-89BE-7222DC8C87A2}.Release|Any CPU.Build.0 = Release|Any CPU
		{05B11449-24EE-4721-A722-ED9809ABD488}.Debug|Any CPU.ActiveCfg = Debug|Any CPU
		{05B11449-24EE-4721-A722-ED9809ABD488}.Debug|Any CPU.Build.0 = Debug|Any CPU
		{05B11449-24EE-4721-A722-ED9809ABD488}.Release|Any CPU.ActiveCfg = Release|Any CPU
		{05B11449-24EE-4721-A722-ED9809ABD488}.Release|Any CPU.Build.0 = Release|Any CPU
		{50438916-659D-47B0-9640-41A6576682F0}.Debug|Any CPU.ActiveCfg = Debug|Any CPU
		{50438916-659D-47B0-9640-41A6576682F0}.Debug|Any CPU.Build.0 = Debug|Any CPU
		{50438916-659D-47B0-9640-41A6576682F0}.Release|Any CPU.ActiveCfg = Release|Any CPU
		{50438916-659D-47B0-9640-41A6576682F0}.Release|Any CPU.Build.0 = Release|Any CPU
		{EC67BACB-9EE4-4121-8933-9E5C5679FA13}.Debug|Any CPU.ActiveCfg = Debug|Any CPU
		{EC67BACB-9EE4-4121-8933-9E5C5679FA13}.Debug|Any CPU.Build.0 = Debug|Any CPU
		{EC67BACB-9EE4-4121-8933-9E5C5679FA13}.Release|Any CPU.ActiveCfg = Release|Any CPU
		{EC67BACB-9EE4-4121-8933-9E5C5679FA13}.Release|Any CPU.Build.0 = Release|Any CPU
		{54633B3E-F072-4853-8EDB-006E785A067C}.Debug|Any CPU.ActiveCfg = Debug|Any CPU
		{54633B3E-F072-4853-8EDB-006E785A067C}.Debug|Any CPU.Build.0 = Debug|Any CPU
		{54633B3E-F072-4853-8EDB-006E785A067C}.Release|Any CPU.ActiveCfg = Release|Any CPU
		{54633B3E-F072-4853-8EDB-006E785A067C}.Release|Any CPU.Build.0 = Release|Any CPU
		{EAE89401-A677-4F5C-9285-5EED11C91271}.Debug|Any CPU.ActiveCfg = Debug|Any CPU
		{EAE89401-A677-4F5C-9285-5EED11C91271}.Debug|Any CPU.Build.0 = Debug|Any CPU
		{EAE89401-A677-4F5C-9285-5EED11C91271}.Release|Any CPU.ActiveCfg = Release|Any CPU
		{EAE89401-A677-4F5C-9285-5EED11C91271}.Release|Any CPU.Build.0 = Release|Any CPU
		{AE9F683D-F1F5-4B79-9463-7EE24D06587B}.Debug|Any CPU.ActiveCfg = Debug|Any CPU
		{AE9F683D-F1F5-4B79-9463-7EE24D06587B}.Debug|Any CPU.Build.0 = Debug|Any CPU
		{AE9F683D-F1F5-4B79-9463-7EE24D06587B}.Release|Any CPU.ActiveCfg = Release|Any CPU
		{AE9F683D-F1F5-4B79-9463-7EE24D06587B}.Release|Any CPU.Build.0 = Release|Any CPU
		{0BFBA568-8993-408C-86EC-3C628DE1021F}.Debug|Any CPU.ActiveCfg = Debug|Any CPU
		{0BFBA568-8993-408C-86EC-3C628DE1021F}.Debug|Any CPU.Build.0 = Debug|Any CPU
		{0BFBA568-8993-408C-86EC-3C628DE1021F}.Release|Any CPU.ActiveCfg = Release|Any CPU
		{0BFBA568-8993-408C-86EC-3C628DE1021F}.Release|Any CPU.Build.0 = Release|Any CPU
		{469A0BD8-28E1-4C0D-B23C-76580BB3479C}.Debug|Any CPU.ActiveCfg = Debug|Any CPU
		{469A0BD8-28E1-4C0D-B23C-76580BB3479C}.Debug|Any CPU.Build.0 = Debug|Any CPU
		{469A0BD8-28E1-4C0D-B23C-76580BB3479C}.Release|Any CPU.ActiveCfg = Release|Any CPU
		{469A0BD8-28E1-4C0D-B23C-76580BB3479C}.Release|Any CPU.Build.0 = Release|Any CPU
		{4C434662-2B3E-4215-A3B0-D06627376145}.Debug|Any CPU.ActiveCfg = Debug|Any CPU
		{4C434662-2B3E-4215-A3B0-D06627376145}.Debug|Any CPU.Build.0 = Debug|Any CPU
		{4C434662-2B3E-4215-A3B0-D06627376145}.Release|Any CPU.ActiveCfg = Release|Any CPU
		{4C434662-2B3E-4215-A3B0-D06627376145}.Release|Any CPU.Build.0 = Release|Any CPU
	EndGlobalSection
	GlobalSection(SolutionProperties) = preSolution
		HideSolutionNode = FALSE
	EndGlobalSection
	GlobalSection(NestedProjects) = preSolution
		{C5B2B1C9-EDF6-4DF5-BAEC-C86922D210EE} = {32E2AE25-0C52-404F-BEA4-2362F3BE8DAF}
		{AB5D6CBE-6E9E-49CD-A033-0B4F6D5CF3FB} = {C5B2B1C9-EDF6-4DF5-BAEC-C86922D210EE}
		{A67294B0-84B8-4156-B6FC-F56DB63CCFE9} = {32E2AE25-0C52-404F-BEA4-2362F3BE8DAF}
		{1A7E7A6B-F838-453F-A2BA-23AECD4C44AF} = {A67294B0-84B8-4156-B6FC-F56DB63CCFE9}
		{4622E3C7-BCC4-4C2D-818E-D9768C9922E1} = {32E2AE25-0C52-404F-BEA4-2362F3BE8DAF}
		{2344FCC3-F3FF-422E-89BE-7222DC8C87A2} = {4622E3C7-BCC4-4C2D-818E-D9768C9922E1}
		{05B11449-24EE-4721-A722-ED9809ABD488} = {4622E3C7-BCC4-4C2D-818E-D9768C9922E1}
		{C8464380-0E80-4762-9C9F-77A5A0D9133B} = {32E2AE25-0C52-404F-BEA4-2362F3BE8DAF}
		{50438916-659D-47B0-9640-41A6576682F0} = {C8464380-0E80-4762-9C9F-77A5A0D9133B}
		{EC67BACB-9EE4-4121-8933-9E5C5679FA13} = {C8464380-0E80-4762-9C9F-77A5A0D9133B}
		{54633B3E-F072-4853-8EDB-006E785A067C} = {C8464380-0E80-4762-9C9F-77A5A0D9133B}
		{EAE89401-A677-4F5C-9285-5EED11C91271} = {C8464380-0E80-4762-9C9F-77A5A0D9133B}
		{AE9F683D-F1F5-4B79-9463-7EE24D06587B} = {47AF5894-C3E2-44DE-9DD9-670A5E35C60A}
		{0BFBA568-8993-408C-86EC-3C628DE1021F} = {4EFE0BAD-2C1B-4559-BEF2-C90D757DC908}
		{469A0BD8-28E1-4C0D-B23C-76580BB3479C} = {4EFE0BAD-2C1B-4559-BEF2-C90D757DC908}
		{4C434662-2B3E-4215-A3B0-D06627376145} = {2FFC532E-74C8-447F-9C6E-60A8BD83A8D1}
	EndGlobalSection
	GlobalSection(ExtensibilityGlobals) = postSolution
		SolutionGuid = {8D4C599A-342E-4646-9633-F3045F9BCC3A}
	EndGlobalSection
EndGlobal
